
Microsoft Visual Studio Solution File, Format Version 12.00
# Visual Studio Version 16
VisualStudioVersion = 16.0.32228.343
MinimumVisualStudioVersion = 10.0.40219.1
Project("{FAE04EC0-301F-11D3-BF4B-00C04F79EFBC}") = "BookDotNetCore.UI", "BookDotNetCore.UI\BookDotNetCore.UI.csproj", "{7D49A2F3-02CC-4C23-B37E-729F7BD2D5AD}"
EndProject
Project("{FAE04EC0-301F-11D3-BF4B-00C04F79EFBC}") = "BookDotNetCore.API", "BookDotNetCore.API\BookDotNetCore.API.csproj", "{CDC4FF51-E849-4151-89D8-21B73B274338}"
EndProject
Project("{FAE04EC0-301F-11D3-BF4B-00C04F79EFBC}") = "BookDotNetCore.BAI", "BookDotNetCore.BAI\BookDotNetCore.BAI.csproj", "{A8A2FEDA-BDDB-43D9-AFE0-245A4D902A97}"
EndProject
Project("{FAE04EC0-301F-11D3-BF4B-00C04F79EFBC}") = "BookDotNetCore.DAL", "BookDotNetCore.DAL\BookDotNetCore.DAL.csproj", "{87D81DF2-0EC5-466F-BBFE-85507D7E74D7}"
EndProject
Project("{FAE04EC0-301F-11D3-BF4B-00C04F79EFBC}") = "BookDotNetCore.Entity", "BookDotNetCore.Entity\BookDotNetCore.Entity.csproj", "{A620322B-2C61-4C47-9B38-E03CF3354F8C}"
EndProject
Global
	GlobalSection(SolutionConfigurationPlatforms) = preSolution
		Debug|Any CPU = Debug|Any CPU
		Release|Any CPU = Release|Any CPU
	EndGlobalSection
	GlobalSection(ProjectConfigurationPlatforms) = postSolution
		{7D49A2F3-02CC-4C23-B37E-729F7BD2D5AD}.Debug|Any CPU.ActiveCfg = Debug|Any CPU
		{7D49A2F3-02CC-4C23-B37E-729F7BD2D5AD}.Debug|Any CPU.Build.0 = Debug|Any CPU
		{7D49A2F3-02CC-4C23-B37E-729F7BD2D5AD}.Release|Any CPU.ActiveCfg = Release|Any CPU
		{7D49A2F3-02CC-4C23-B37E-729F7BD2D5AD}.Release|Any CPU.Build.0 = Release|Any CPU
		{CDC4FF51-E849-4151-89D8-21B73B274338}.Debug|Any CPU.ActiveCfg = Debug|Any CPU
		{CDC4FF51-E849-4151-89D8-21B73B274338}.Debug|Any CPU.Build.0 = Debug|Any CPU
		{CDC4FF51-E849-4151-89D8-21B73B274338}.Release|Any CPU.ActiveCfg = Release|Any CPU
		{CDC4FF51-E849-4151-89D8-21B73B274338}.Release|Any CPU.Build.0 = Release|Any CPU
		{A8A2FEDA-BDDB-43D9-AFE0-245A4D902A97}.Debug|Any CPU.ActiveCfg = Debug|Any CPU
		{A8A2FEDA-BDDB-43D9-AFE0-245A4D902A97}.Debug|Any CPU.Build.0 = Debug|Any CPU
		{A8A2FEDA-BDDB-43D9-AFE0-245A4D902A97}.Release|Any CPU.ActiveCfg = Release|Any CPU
		{A8A2FEDA-BDDB-43D9-AFE0-245A4D902A97}.Release|Any CPU.Build.0 = Release|Any CPU
		{87D81DF2-0EC5-466F-BBFE-85507D7E74D7}.Debug|Any CPU.ActiveCfg = Debug|Any CPU
		{87D81DF2-0EC5-466F-BBFE-85507D7E74D7}.Debug|Any CPU.Build.0 = Debug|Any CPU
		{87D81DF2-0EC5-466F-BBFE-85507D7E74D7}.Release|Any CPU.ActiveCfg = Release|Any CPU
		{87D81DF2-0EC5-466F-BBFE-85507D7E74D7}.Release|Any CPU.Build.0 = Release|Any CPU
		{A620322B-2C61-4C47-9B38-E03CF3354F8C}.Debug|Any CPU.ActiveCfg = Debug|Any CPU
		{A620322B-2C61-4C47-9B38-E03CF3354F8C}.Debug|Any CPU.Build.0 = Debug|Any CPU
		{A620322B-2C61-4C47-9B38-E03CF3354F8C}.Release|Any CPU.ActiveCfg = Release|Any CPU
		{A620322B-2C61-4C47-9B38-E03CF3354F8C}.Release|Any CPU.Build.0 = Release|Any CPU
	EndGlobalSection
	GlobalSection(SolutionProperties) = preSolution
		HideSolutionNode = FALSE
	EndGlobalSection
	GlobalSection(ExtensibilityGlobals) = postSolution
		SolutionGuid = {5BE98B5E-8920-4E1C-91EB-8BF2F8F21139}
	EndGlobalSection
EndGlobal
